
Microsoft Visual Studio Solution File, Format Version 12.00
# Visual Studio Version 17
VisualStudioVersion = 17.10.35027.167
MinimumVisualStudioVersion = 10.0.40219.1
Project("{FAE04EC0-301F-11D3-BF4B-00C04F79EFBC}") = "WhileVsDoWhile", "WhileVsDoWhile\WhileVsDoWhile.csproj", "{19533C46-6EAC-4F27-BF1C-14E180F57575}"
EndProject
Global
	GlobalSection(SolutionConfigurationPlatforms) = preSolution
		Debug|Any CPU = Debug|Any CPU
		Release|Any CPU = Release|Any CPU
	EndGlobalSection
	GlobalSection(ProjectConfigurationPlatforms) = postSolution
		{19533C46-6EAC-4F27-BF1C-14E180F57575}.Debug|Any CPU.ActiveCfg = Debug|Any CPU
		{19533C46-6EAC-4F27-BF1C-14E180F57575}.Debug|Any CPU.Build.0 = Debug|Any CPU
		{19533C46-6EAC-4F27-BF1C-14E180F57575}.Release|Any CPU.ActiveCfg = Release|Any CPU
		{19533C46-6EAC-4F27-BF1C-14E180F57575}.Release|Any CPU.Build.0 = Release|Any CPU
	EndGlobalSection
	GlobalSection(SolutionProperties) = preSolution
		HideSolutionNode = FALSE
	EndGlobalSection
	GlobalSection(ExtensibilityGlobals) = postSolution
		SolutionGuid = {27F4666D-B333-4806-B1B3-B40B00E051F8}
	EndGlobalSection
EndGlobal
